github.com/jam23541/escapeRoomDataTypes v0.0.1 h1:1jcEckDb8Z7aYjjlMy52kZCP8mFR8b6K5VVWL+k7ucQ=
github.com/jam23541/escapeRoomDataTypes v0.0.1/go.mod h1:aorI8dbrJwKT+VWRgW3HrfwXXH2YlXb1RUdl/eC5g6s=
github.com/jam23541/go_plugins v0.0.1 h1:cMdu9CMbbbmDKquU1p/KdPdMWHel9e14/6kzJEmS3yM=
github.com/jam23541/go_plugins v0.0.1/go.mod h1:ievidcaw4YfCXbqZ75oUCS5Uq8AcWXb2xsw4tdgnzQ0=
github.com/jam23541/idDataChain v0.0.1 h1:yQEaB094QMssTtZUeHvqjBCX6Eb37sbBbJRebeyniAE=
github.com/jam23541/idDataChain v0.0.1/go.mod h1:KiV4UqSxoPP3ge18ibkN4XogN952USeq1BTfEvoMTco=
